<?xml version="1.0" encoding="UTF-8" standalone="yes" ?>
<CodeBlocks_project_file>
	<FileVersion major="1" minor="6" />
	<Project>
		<Option title="Collector-1.8.0-sdk2180-Unix" />
		<Option platforms="Unix;" />
		<Option pch_mode="2" />
		<Option compiler="gcc" />
		<Option show_notes="0">
			<notes>
				<![CDATA[with cb-12813-q, sdk-2.18.0]]>
			</notes>
		</Option>
		<Build>
			<Target title="lin_305">
				<Option platforms="Unix;" />
				<Option output="$(TARGET_NAME)/Collector" prefix_auto="0" extension_auto="1" />
				<Option object_output=".objs/$(TARGET_NAME)/" />
				<Option type="3" />
				<Option compiler="gcc" />
				<Compiler>
					<Add option="-pedantic" />
					<Add option="-Wall" />
					<Add option="-std=c17" />
					<Add option="-fPIC" />
					<Add option="-m64" />
					<Add option="`wx-config --cflags  --version=3.0`" />
					<Add option="`pkg-config --cflags $(GTK_VERSION)`" />
					<Add directory="src" />
					<Add directory="$cb/include" />
					<Add directory="$cb/include/tinyxml" />
					<Add directory="$cb/sdk/wxscintilla/include" />
					<Add directory="$cb/plugins/codecompletion" />
					<Add directory="include" />
				</Compiler>
				<Linker>
					<Add option="-m64" />
					<Add option="`wx-config --libs  --version=3.0`" />
					<Add library="codeblocks" />
					<Add directory="$cb/devel30" />
				</Linker>
				<ExtraCommands>
					<Add after="zip -j9 $(TARGET_NAME)/Collector.zip manifest.xml" />
					<Add after="zip -j9 $(TARGET_NAME)/Collector.zip res/*" />
					<Add after="zip -j9 $(TARGET_NAME)/Collector.zip images/*" />
					<Add after="zip -j9 $(TARGET_NAME)/Collector.cbplugin $(TARGET_NAME)/Collector.so $(TARGET_NAME)/Collector.zip" />
					<Mode after="always" />
				</ExtraCommands>
				<Environment>
					<Variable name="cb" value='&quot;$(#sdk2180_305)&quot;' />
				</Environment>
			</Target>
			<Target title="linux_305">
				<Option platforms="Unix;" />
				<Option output="$(TARGET_NAME)/$(name)" prefix_auto="0" extension_auto="1" />
				<Option object_output=".objs/$(TARGET_NAME)/" />
				<Option type="3" />
				<Option compiler="gcc" />
				<Compiler>
					<Add option="-pedantic" />
					<Add option="-Wall" />
					<Add option="-std=c17" />
					<Add option="-fPIC" />
					<Add option="-m64" />
					<Add option="`wx-config --cflags  --version=3.0`" />
					<Add directory="src" />
					<Add directory="$cb/include" />
					<Add directory="$cb/include/tinyxml" />
					<Add directory="$cb/sdk/wxscintilla/include" />
					<Add directory="$cb/plugins/codecompletion" />
					<Add directory="include" />
				</Compiler>
				<Linker>
					<Add option="-m64" />
					<Add option="`wx-config --libs  --version=3.0`" />
					<Add library="codeblocks" />
					<Add directory="$cb/devel30" />
				</Linker>
				<ExtraCommands>
					<Add after="zip -j9 $(TARGET_NAME)/$(name).zip manifest.xml" />
					<Add after="zip -j9 $(TARGET_NAME)/$(name).zip res/*" />
					<Add after="zip -j9 $(TARGET_NAME)/$(name).zip images/*" />
					<Add after="zip -j9 $(TARGET_NAME)/$(name).cbplugin $(TARGET_NAME)/$(name).so $(TARGET_NAME)/$(name).zip" />
					<Mode after="always" />
				</ExtraCommands>
				<Environment>
					<Variable name="cb" value='&quot;$(#sdk2170)&quot;' />
				</Environment>
			</Target>
			<Target title="lin_315">
				<Option platforms="Unix;" />
				<Option output="$(TARGET_NAME)/Collector" prefix_auto="0" extension_auto="1" />
				<Option object_output=".objs/$(TARGET_NAME)/" />
				<Option type="3" />
				<Option compiler="gcc" />
				<Compiler>
					<Add option="-pedantic" />
					<Add option="-Wall" />
					<Add option="-std=c17" />
					<Add option="-fPIC" />
					<Add option="-m64" />
					<Add option="`wx-config --cflags  --version=3.1`" />
					<Add directory="src" />
					<Add directory="$cb/include" />
					<Add directory="$cb/include/tinyxml" />
					<Add directory="$cb/sdk/wxscintilla/include" />
					<Add directory="$cb/plugins/codecompletion" />
					<Add directory="include" />
				</Compiler>
				<Linker>
					<Add option="-m64" />
					<Add option="`wx-config --libs  --version=3.1`" />
					<Add library="codeblocks" />
					<Add directory="$cb/devel31" />
				</Linker>
				<ExtraCommands>
					<Add after="zip -j9 $(TARGET_NAME)/Collector.zip manifest.xml" />
					<Add after="zip -j9 $(TARGET_NAME)/Collector.zip res/*" />
					<Add after="zip -j9 $(TARGET_NAME)/Collector.zip images/*" />
					<Add after="zip -j9 $(TARGET_NAME)/Collector.cbplugin $(TARGET_NAME)/Collector.so $(TARGET_NAME)/Collector.zip" />
					<Mode after="always" />
				</ExtraCommands>
				<Environment>
					<Variable name="cb" value='&quot;$(#sdk2170_315)&quot;' />
				</Environment>
			</Target>
			<Target title="linux_315">
				<Option platforms="Unix;" />
				<Option output="$(TARGET_NAME)/$(name)" prefix_auto="0" extension_auto="1" />
				<Option object_output=".objs/$(TARGET_NAME)/" />
				<Option type="3" />
				<Option compiler="gcc" />
				<Compiler>
					<Add option="-pedantic" />
					<Add option="-Wall" />
					<Add option="-std=c17" />
					<Add option="-fPIC" />
					<Add option="-m64" />
					<Add option="`wx-config --cflags  --version=3.1`" />
					<Add directory="src" />
					<Add directory="$cb/include" />
					<Add directory="$cb/include/tinyxml" />
					<Add directory="$cb/sdk/wxscintilla/include" />
					<Add directory="$cb/plugins/codecompletion" />
					<Add directory="include" />
				</Compiler>
				<Linker>
					<Add option="-m64" />
					<Add option="`wx-config --libs  --version=3.1`" />
					<Add library="codeblocks" />
					<Add directory="$cb/devel31" />
				</Linker>
				<ExtraCommands>
					<Add after="zip -j9 $(TARGET_NAME)/$(name).zip manifest.xml" />
					<Add after="zip -j9 $(TARGET_NAME)/$(name).zip res/*" />
					<Add after="zip -j9 $(TARGET_NAME)/$(name).zip images/*" />
					<Add after="zip -j9 $(TARGET_NAME)/$(name).cbplugin $(TARGET_NAME)/$(name).so $(TARGET_NAME)/$(name).zip" />
					<Mode after="always" />
				</ExtraCommands>
				<Environment>
					<Variable name="cb" value='&quot;$(#sdk2170_315)&quot;' />
				</Environment>
			</Target>
			<Target title="info">
				<Option type="4" />
				<Option compiler="gcc" />
			</Target>
			<Environment>
				<Variable name="GTK_VERSION" value="gtk+-2.0" />
				<Variable name="name" value="Collector" />
			</Environment>
		</Build>
		<Compiler>
			<Add option="-w" />
			<Add option="-std=c++11" />
			<Add option="-fPIC" />
			<Add option="-m64" />
			<Add option="-D__WXGTK__" />
			<Add directory="src" />
		</Compiler>
		<Linker>
			<Add option="-s" />
			<Add option="-m64" />
			<Add option="-Wl,--no-undefined" />
		</Linker>
		<Unit filename="cpp_test/classwizarddlg.cpp">
			<Option link="0" />
			<Option target="linux_305" />
			<Option target="linux_315" />
		</Unit>
		<Unit filename="cpp_test/classwizarddlg.h">
			<Option target="linux_305" />
			<Option target="linux_315" />
		</Unit>
		<Unit filename="doc/Collector.txt">
			<Option target="info" />
		</Unit>
		<Unit filename="images/dummy.txt">
			<Option target="linux_305" />
			<Option target="lin_305" />
			<Option target="lin_315" />
			<Option target="linux_315" />
		</Unit>
		<Unit filename="manifest.xml" />
		<Unit filename="res/dummy.xrc">
			<Option target="linux_305" />
			<Option target="lin_305" />
			<Option target="lin_315" />
			<Option target="linux_315" />
		</Unit>
		<Unit filename="res_test/BuildTargetPanel.wxs">
			<Option target="linux_305" />
			<Option target="lin_305" />
			<Option target="lin_315" />
			<Option target="linux_315" />
		</Unit>
		<Unit filename="res_test/advanced_compiler_options.xrc">
			<Option target="linux_305" />
			<Option target="lin_305" />
			<Option target="lin_315" />
			<Option target="linux_315" />
		</Unit>
		<Unit filename="res_test/compiler_options.xrc">
			<Option target="linux_305" />
			<Option target="lin_305" />
			<Option target="lin_315" />
			<Option target="linux_315" />
		</Unit>
		<Unit filename="res_test/plugin_find_broken_files.script">
			<Option target="linux_305" />
			<Option target="lin_305" />
			<Option target="lin_315" />
			<Option target="linux_315" />
		</Unit>
		<Unit filename="res_test/tools.script">
			<Option target="linux_305" />
			<Option target="lin_305" />
			<Option target="lin_315" />
			<Option target="linux_315" />
		</Unit>
		<Unit filename="src/buildlogger.cpp">
			<Option target="lin_305" />
			<Option target="linux_305" />
			<Option target="lin_315" />
			<Option target="linux_315" />
		</Unit>
		<Unit filename="src/buildlogger.h">
			<Option target="lin_305" />
			<Option target="linux_305" />
			<Option target="lin_315" />
			<Option target="linux_315" />
		</Unit>
		<Unit filename="src/collector.cpp">
			<Option target="linux_305" />
			<Option target="lin_305" />
			<Option target="lin_315" />
			<Option target="linux_315" />
		</Unit>
		<Unit filename="src/collector.h">
			<Option target="linux_305" />
			<Option target="lin_305" />
			<Option target="lin_315" />
			<Option target="linux_315" />
		</Unit>
		<Unit filename="src/colstate.cpp">
			<Option target="lin_305" />
			<Option target="linux_305" />
			<Option target="lin_315" />
			<Option target="linux_315" />
		</Unit>
		<Unit filename="src/colstate.h">
			<Option target="lin_305" />
			<Option target="linux_305" />
			<Option target="lin_315" />
			<Option target="linux_315" />
		</Unit>
		<Unit filename="src/createforqt.cpp">
			<Option target="linux_305" />
			<Option target="lin_305" />
			<Option target="lin_315" />
			<Option target="linux_315" />
		</Unit>
		<Unit filename="src/createforqt.h">
			<Option target="linux_305" />
			<Option target="lin_305" />
			<Option target="lin_315" />
			<Option target="linux_315" />
		</Unit>
		<Unit filename="src/createforwx.cpp">
			<Option target="linux_305" />
			<Option target="lin_305" />
			<Option target="lin_315" />
			<Option target="linux_315" />
		</Unit>
		<Unit filename="src/createforwx.h">
			<Option target="linux_305" />
			<Option target="lin_305" />
			<Option target="lin_315" />
			<Option target="linux_315" />
		</Unit>
		<Unit filename="src/defines.h" />
		<Unit filename="src/pre.cpp">
			<Option target="linux_305" />
			<Option target="lin_305" />
			<Option target="lin_315" />
			<Option target="linux_315" />
		</Unit>
		<Unit filename="src/pre.h">
			<Option target="linux_305" />
			<Option target="lin_305" />
			<Option target="lin_315" />
			<Option target="linux_315" />
		</Unit>
		<Unit filename="xml_test/codeblocks-contrib.metainfo.xml">
			<Option target="linux_305" />
			<Option target="lin_305" />
			<Option target="lin_315" />
			<Option target="linux_315" />
		</Unit>
		<Unit filename="xml_test/codeblocks.appdata.xml">
			<Option target="linux_305" />
			<Option target="lin_305" />
			<Option target="lin_315" />
			<Option target="linux_315" />
		</Unit>
		<Unit filename="xml_test/codeblocks.xml">
			<Option target="linux_305" />
			<Option target="lin_305" />
			<Option target="lin_315" />
			<Option target="linux_315" />
		</Unit>
		<Unit filename="xml_test/compiler_gcc-mingw64.xml">
			<Option target="linux_305" />
			<Option target="lin_305" />
			<Option target="lin_315" />
			<Option target="linux_315" />
		</Unit>
		<Unit filename="xml_test/lexer_cpp.xml">
			<Option target="linux_305" />
			<Option target="lin_305" />
			<Option target="lin_315" />
			<Option target="linux_315" />
		</Unit>
		<Unit filename="xml_test/manifest.xml">
			<Option target="linux_305" />
			<Option target="lin_305" />
			<Option target="lin_315" />
			<Option target="linux_315" />
		</Unit>
		<Unit filename="xml_test/options_clang.xml">
			<Option target="linux_305" />
			<Option target="lin_305" />
			<Option target="lin_315" />
			<Option target="linux_315" />
		</Unit>
		<Unit filename="xml_test/options_common_warnings.xml">
			<Option target="linux_305" />
			<Option target="lin_305" />
			<Option target="lin_315" />
			<Option target="linux_315" />
		</Unit>
		<Unit filename="xml_test/options_gcc.xml">
			<Option target="linux_305" />
			<Option target="lin_305" />
			<Option target="lin_315" />
			<Option target="linux_315" />
		</Unit>
		<Extensions>
			<DoxyBlocks>
				<comment_style block="0" line="2" />
				<doxyfile_project project_number="0.9.8" output_directory="doxygen" />
				<doxyfile_build extract_all="1" extract_private="1" extract_static="1" />
				<doxyfile_warnings />
				<doxyfile_output />
				<doxyfile_dot class_diagrams="1" have_dot="1" />
				<general use_at_in_tags="1" />
			</DoxyBlocks>
		</Extensions>
	</Project>
</CodeBlocks_project_file>
