<?xml version="1.0" encoding="UTF-8" standalone="yes" ?>
<CodeBlocks_project_file>
	<FileVersion major="1" minor="6" />
	<Project>
		<Option title="Collector-1.7.8-sdk2230-Unix" />
		<Option platforms="Unix;" />
		<Option pch_mode="2" />
		<Option compiler="gcc" />
		<Build>
			<Target title="lin_321_2230">
				<Option platforms="Unix;" />
				<Option output="$(TARGET_NAME)/Collector" prefix_auto="0" extension_auto="1" />
				<Option object_output=".objs32/$(TARGET_NAME)/" />
				<Option type="3" />
				<Option compiler="gcc" />
				<Compiler>
					<Add option="-pedantic" />
					<Add option="-Wall" />
					<Add option="-std=c17" />
					<Add option="-fPIC" />
					<Add option="-m64" />
					<Add option="`wx-config --cflags  --version=3.2`" />
					<Add option="`pkg-config --cflags $(GTK_VERSION)`" />
					<Add directory="src" />
					<Add directory="$cb/include" />
					<Add directory="$cb/include/tinyxml" />
					<Add directory="$cb/sdk/wxscintilla/include" />
					<Add directory="$cb/plugins/codecompletion" />
				</Compiler>
				<Linker>
					<Add option="-m64" />
					<Add option="`wx-config --libs  --version=3.2`" />
					<Add library="codeblocks" />
					<Add directory="$cb/devel32" />
				</Linker>
				<ExtraCommands>
					<Add after="zip -j9 $(TARGET_NAME)/Collector.zip manifest.xml" />
					<Add after="zip -j9 $(TARGET_NAME)/Collector.zip res/*" />
					<Add after="zip -j9 $(TARGET_NAME)/Collector.zip images/*" />
					<Add after="zip -j9 $(TARGET_NAME)/Collector.cbplugin $(TARGET_NAME)/Collector.so $(TARGET_NAME)/Collector.zip" />
					<Mode after="always" />
				</ExtraCommands>
				<Environment>
					<Variable name="cb" value='&quot;$(#sdk2230_321)&quot;' />
				</Environment>
			</Target>
			<Target title="info">
				<Option type="4" />
				<Option compiler="gcc" />
			</Target>
			<Environment>
				<Variable name="name" value="Collector" />
			</Environment>
		</Build>
		<Compiler>
			<Add option="-w" />
			<Add option="-std=c++11" />
			<Add option="-fPIC" />
			<Add option="-m64" />
			<Add option="-D__WXGTK__" />
			<Add directory="src" />
		</Compiler>
		<Linker>
			<Add option="-s" />
			<Add option="-m64" />
			<Add option="-Wl,--no-undefined" />
		</Linker>
		<Unit filename="images/a+.png">
			<Option target="lin_321_2230" />
		</Unit>
		<Unit filename="images/b+.png">
			<Option target="lin_321_2230" />
		</Unit>
		<Unit filename="images/b.png">
			<Option target="lin_321_2230" />
		</Unit>
		<Unit filename="images/configure.png">
			<Option target="lin_321_2230" />
		</Unit>
		<Unit filename="images/de_DE.png">
			<Option target="lin_321_2230" />
		</Unit>
		<Unit filename="images/deltemp.png">
			<Option target="lin_321_2230" />
		</Unit>
		<Unit filename="images/deltempoff.png">
			<Option target="lin_321_2230" />
		</Unit>
		<Unit filename="images/dummy.txt">
			<Option target="lin_321_2230" />
		</Unit>
		<Unit filename="images/en_GB.png">
			<Option target="lin_321_2230" />
		</Unit>
		<Unit filename="images/en_US.png">
			<Option target="lin_321_2230" />
		</Unit>
		<Unit filename="images/extract+.png">
			<Option target="lin_321_2230" />
		</Unit>
		<Unit filename="images/extract.png">
			<Option target="lin_321_2230" />
		</Unit>
		<Unit filename="images/fr_FR.png">
			<Option target="lin_321_2230" />
		</Unit>
		<Unit filename="images/initoff.png">
			<Option target="lin_321_2230" />
		</Unit>
		<Unit filename="images/initon.png">
			<Option target="lin_321_2230" />
		</Unit>
		<Unit filename="images/inittemp.png">
			<Option target="lin_321_2230" />
		</Unit>
		<Unit filename="images/list+.png">
			<Option target="lin_321_2230" />
		</Unit>
		<Unit filename="images/list.png">
			<Option target="lin_321_2230" />
		</Unit>
		<Unit filename="images/qtlogo.png">
			<Option target="lin_321_2230" />
		</Unit>
		<Unit filename="images/r+.png">
			<Option target="lin_321_2230" />
		</Unit>
		<Unit filename="images/r.png">
			<Option target="lin_321_2230" />
		</Unit>
		<Unit filename="images/rebuild+.png">
			<Option target="lin_321_2230" />
		</Unit>
		<Unit filename="images/rebuild.png">
			<Option target="lin_321_2230" />
		</Unit>
		<Unit filename="images/settings.png">
			<Option target="lin_321_2230" />
		</Unit>
		<Unit filename="images/settingsoff.png">
			<Option target="lin_321_2230" />
		</Unit>
		<Unit filename="images/stop.png">
			<Option target="lin_321_2230" />
		</Unit>
		<Unit filename="images/stopoff.png">
			<Option target="lin_321_2230" />
		</Unit>
		<Unit filename="images/wxlogo.png">
			<Option target="lin_321_2230" />
		</Unit>
		<Unit filename="infos/Alire.md">
			<Option target="info" />
		</Unit>
		<Unit filename="infos/Collecteur_exp_fr.md">
			<Option target="info" />
		</Unit>
		<Unit filename="infos/Collector_exp.en.md">
			<Option target="info" />
		</Unit>
		<Unit filename="infos/Readme.md">
			<Option target="info" />
		</Unit>
		<Unit filename="its/codeblocks.its">
			<Option target="lin_321_2230" />
		</Unit>
		<Unit filename="its/codeblocks.loc">
			<Option target="lin_321_2230" />
		</Unit>
		<Unit filename="manifest.xml" />
		<Unit filename="res/dummy.xrc">
			<Option target="lin_321_2230" />
		</Unit>
		<Unit filename="src/buildlogger.cpp">
			<Option target="lin_321_2230" />
		</Unit>
		<Unit filename="src/buildlogger.h">
			<Option target="lin_321_2230" />
		</Unit>
		<Unit filename="src/collector.cpp">
			<Option target="lin_321_2230" />
		</Unit>
		<Unit filename="src/collector.h">
			<Option target="lin_321_2230" />
		</Unit>
		<Unit filename="src/colstate.cpp">
			<Option target="lin_321_2230" />
		</Unit>
		<Unit filename="src/colstate.h">
			<Option target="lin_321_2230" />
		</Unit>
		<Unit filename="src/createforqt.cpp">
			<Option target="lin_321_2230" />
		</Unit>
		<Unit filename="src/createforqt.h">
			<Option target="lin_321_2230" />
		</Unit>
		<Unit filename="src/createforwx.cpp">
			<Option target="lin_321_2230" />
		</Unit>
		<Unit filename="src/createforwx.h">
			<Option target="lin_321_2230" />
		</Unit>
		<Unit filename="src/defines.h">
			<Option target="lin_321_2230" />
		</Unit>
		<Unit filename="src/pre.cpp">
			<Option target="lin_321_2230" />
		</Unit>
		<Unit filename="src/pre.h">
			<Option target="lin_321_2230" />
		</Unit>
		<Extensions>
			<DoxyBlocks>
				<comment_style block="0" line="2" />
				<doxyfile_project project_number="1.7.8" output_directory="doxygen" />
				<doxyfile_build extract_all="1" extract_private="1" extract_static="1" />
				<doxyfile_warnings warn_if_undocumented="1" />
				<doxyfile_output />
				<doxyfile_dot class_diagrams="1" have_dot="1" />
				<general use_at_in_tags="1" />
			</DoxyBlocks>
		</Extensions>
	</Project>
</CodeBlocks_project_file>
