<?xml version="1.0" encoding="UTF-8" standalone="yes" ?>
<CodeBlocks_project_file>
	<FileVersion major="1" minor="6" />
	<Project>
		<Option title="Collector-1.6.0-810seh-316-sdk2180" />
		<Option platforms="Windows;" />
		<Option pch_mode="2" />
		<Option compiler="gcc" />
		<Build>
			<Target title="win_316_2180">
				<Option platforms="Windows;" />
				<Option output="$(TARGET_NAME)/Collector" prefix_auto="0" extension_auto="1" />
				<Option object_output="objs/$(TARGET_NAME)" />
				<Option type="3" />
				<Option compiler="gcc" />
				<Compiler>
					<Add option="-Wextra" />
					<Add option="-Wall" />
					<Add option="-Wno-deprecated-declarations" />
					<Add option="-pipe" />
					<Add option="-mthreads" />
					<Add option="-fmessage-length=0" />
					<Add option="-fexceptions" />
					<Add option="-Winvalid-pch" />
					<Add option="-s" />
					<Add option="-DBUILDING_PLUGIN" />
					<Add option="-DHAVE_W32API_H" />
					<Add option="-D__WXMSW__" />
					<Add option="-DWXUSINGDLL" />
					<Add option="-DcbDEBUG" />
					<Add option="-DCB_PRECOMP" />
					<Add option="-DWX_PRECOMP" />
					<Add option="-DwxUSE_UNICODE" />
				</Compiler>
				<ResourceCompiler>
					<Add directory="$wx/include" />
				</ResourceCompiler>
				<Linker>
					<Add library="codeblocks" />
					<Add library="wxmsw31u" />
					<Add directory="$cb/devel31_64" />
				</Linker>
				<ExtraCommands>
					<Add after="zip -j9  $(TARGET_NAME)\Collector.zip manifest.xml" />
					<Add after="zip -j9 $(TARGET_NAME)\Collector.zip res\*" />
					<Add after="zip -j9 $(TARGET_NAME)\Collector.zip images\*" />
					<Add after="zip -j9  $(TARGET_NAME)\Collector.cbplugin $(TARGET_NAME)\Collector.dll  $(TARGET_NAME)\Collector.zip" />
					<Mode after="always" />
				</ExtraCommands>
				<Environment>
					<Variable name="cb" value="$(#sdk2180_316)" />
					<Variable name="wx" value="$(#wx316_64)" />
				</Environment>
			</Target>
			<Target title="win_316_2170">
				<Option platforms="Windows;" />
				<Option output="$(TARGET_NAME)/Collector" prefix_auto="0" extension_auto="1" />
				<Option object_output="objs/$(TARGET_NAME)" />
				<Option type="3" />
				<Option compiler="gcc" />
				<Compiler>
					<Add option="-Wextra" />
					<Add option="-Wall" />
					<Add option="-Wno-deprecated-declarations" />
					<Add option="-pipe" />
					<Add option="-mthreads" />
					<Add option="-fmessage-length=0" />
					<Add option="-fexceptions" />
					<Add option="-Winvalid-pch" />
					<Add option="-s" />
					<Add option="-DBUILDING_PLUGIN" />
					<Add option="-DHAVE_W32API_H" />
					<Add option="-D__WXMSW__" />
					<Add option="-DWXUSINGDLL" />
					<Add option="-DcbDEBUG" />
					<Add option="-DCB_PRECOMP" />
					<Add option="-DWX_PRECOMP" />
					<Add option="-DwxUSE_UNICODE" />
				</Compiler>
				<ResourceCompiler>
					<Add directory="$wx/include" />
				</ResourceCompiler>
				<Linker>
					<Add library="codeblocks" />
					<Add library="wxmsw31u" />
					<Add directory="$cb/devel31_64" />
				</Linker>
				<ExtraCommands>
					<Add after="zip -j9  $(TARGET_NAME)\Collector.zip manifest.xml" />
					<Add after="zip -j9 $(TARGET_NAME)\Collector.zip res\*" />
					<Add after="zip -j9 $(TARGET_NAME)\Collector.zip images\*" />
					<Add after="zip -j9  $(TARGET_NAME)\Collector.cbplugin $(TARGET_NAME)\Collector.dll  $(TARGET_NAME)\Collector.zip" />
					<Mode after="always" />
				</ExtraCommands>
				<Environment>
					<Variable name="cb" value="$(#sdk2180_316)" />
					<Variable name="wx" value="$(#wx316_64)" />
				</Environment>
			</Target>
			<Target title="wxrc_316">
				<Option output="$(TARGET_NAME)/wxrc" prefix_auto="1" extension_auto="1" />
				<Option type="0" />
				<Option compiler="gcc" />
				<Compiler>
					<Add option="-Wall" />
					<Add directory="$wx/wx" />
				</Compiler>
				<ResourceCompiler>
					<Add directory="$wx/include/wx/msw/" />
				</ResourceCompiler>
				<Linker>
					<Add library="wxmsw31u" />
				</Linker>
				<ExtraCommands>
					<Add after="cmd /c  xcopy /Y $(TARGET_OUTPUT_DIR)wxrc.exe  $(CODEBLOCKS)" />
					<Mode after="always" />
				</ExtraCommands>
				<Environment>
					<Variable name="wx" value="$(#wx316_64)" />
				</Environment>
			</Target>
			<Target title="win_315_2180">
				<Option platforms="Windows;" />
				<Option output="$(TARGET_NAME)/Collector" prefix_auto="0" extension_auto="1" />
				<Option object_output="objs/$(TARGET_NAME)" />
				<Option type="3" />
				<Option compiler="gcc" />
				<Compiler>
					<Add option="-Wall" />
					<Add option="-Wno-deprecated-declarations" />
					<Add option="-pipe" />
					<Add option="-mthreads" />
					<Add option="-fmessage-length=0" />
					<Add option="-fexceptions" />
					<Add option="-Winvalid-pch" />
					<Add option="-s" />
					<Add option="-DBUILDING_PLUGIN" />
					<Add option="-DHAVE_W32API_H" />
					<Add option="-D__WXMSW__" />
					<Add option="-DWXUSINGDLL" />
					<Add option="-DcbDEBUG" />
					<Add option="-DCB_PRECOMP" />
					<Add option="-DWX_PRECOMP" />
					<Add option="-DwxUSE_UNICODE" />
				</Compiler>
				<ResourceCompiler>
					<Add directory="$wx/include" />
				</ResourceCompiler>
				<Linker>
					<Add library="codeblocks" />
					<Add library="wxmsw31u" />
					<Add directory="$cb/devel31_64" />
				</Linker>
				<ExtraCommands>
					<Add after="zip -j9  $(TARGET_NAME)\Collector.zip manifest.xml" />
					<Add after="zip -j9 $(TARGET_NAME)\Collector.zip res\*" />
					<Add after="zip -j9 $(TARGET_NAME)\Collector.zip images\*" />
					<Add after="zip -j9  $(TARGET_NAME)\Collector.cbplugin $(TARGET_NAME)\Collector.dll  $(TARGET_NAME)\Collector.zip" />
					<Mode after="always" />
				</ExtraCommands>
				<Environment>
					<Variable name="cb" value="$(#sdk2180_315)" />
					<Variable name="wx" value="$(#wx315_64)" />
				</Environment>
			</Target>
			<Target title="win_315_2170">
				<Option platforms="Windows;" />
				<Option output="$(TARGET_NAME)/Collector" prefix_auto="0" extension_auto="1" />
				<Option object_output="objs/$(TARGET_NAME)" />
				<Option type="3" />
				<Option compiler="gcc" />
				<Compiler>
					<Add option="-Wall" />
					<Add option="-Wno-deprecated-declarations" />
					<Add option="-pipe" />
					<Add option="-mthreads" />
					<Add option="-fmessage-length=0" />
					<Add option="-fexceptions" />
					<Add option="-Winvalid-pch" />
					<Add option="-s" />
					<Add option="-DBUILDING_PLUGIN" />
					<Add option="-DHAVE_W32API_H" />
					<Add option="-D__WXMSW__" />
					<Add option="-DWXUSINGDLL" />
					<Add option="-DcbDEBUG" />
					<Add option="-DCB_PRECOMP" />
					<Add option="-DWX_PRECOMP" />
					<Add option="-DwxUSE_UNICODE" />
				</Compiler>
				<ResourceCompiler>
					<Add directory="$wx/include" />
				</ResourceCompiler>
				<Linker>
					<Add library="codeblocks" />
					<Add library="wxmsw31u" />
					<Add directory="$cb/devel31_64" />
				</Linker>
				<ExtraCommands>
					<Add after="zip -j9  $(TARGET_NAME)\Collector.zip manifest.xml" />
					<Add after="zip -j9 $(TARGET_NAME)\Collector.zip res\*" />
					<Add after="zip -j9 $(TARGET_NAME)\Collector.zip images\*" />
					<Add after="zip -j9  $(TARGET_NAME)\Collector.cbplugin $(TARGET_NAME)\Collector.dll  $(TARGET_NAME)\Collector.zip" />
					<Mode after="always" />
				</ExtraCommands>
				<Environment>
					<Variable name="cb" value="$(#sdk2170_315)" />
					<Variable name="wx" value="$(#wx315_64)" />
				</Environment>
			</Target>
			<Target title="wxrc_315">
				<Option output="$(TARGET_NAME)/wxrc" prefix_auto="1" extension_auto="1" />
				<Option type="0" />
				<Option compiler="gcc" />
				<Compiler>
					<Add directory="$wx/wx" />
				</Compiler>
				<ResourceCompiler>
					<Add directory="$wx/include/wx/msw/" />
				</ResourceCompiler>
				<Linker>
					<Add library="wxmsw31u" />
				</Linker>
				<ExtraCommands>
					<Add after="cmd /c  xcopy /Y $(TARGET_OUTPUT_DIR)wxrc.exe  $(CODEBLOCKS)" />
					<Mode after="always" />
				</ExtraCommands>
				<Environment>
					<Variable name="wx" value="$(#wx315_64)" />
				</Environment>
			</Target>
			<Target title="doc">
				<Option type="4" />
				<Option compiler="gcc" />
			</Target>
			<Environment>
				<Variable name="name" value="Collector" />
			</Environment>
		</Build>
		<Compiler>
			<Add option="-std=gnu++11" />
			<Add option="-fPIC" />
			<Add option="-m64" />
			<Add directory="src" />
			<Add directory="$cb/include" />
			<Add directory="$cb/include/tinyxml" />
			<Add directory="$cb/sdk/wxscintilla/include" />
			<Add directory="$cb/plugins/codecompletion" />
			<Add directory="$wx/include" />
			<Add directory="$wx/contrib/include" />
			<Add directory="$wx/lib/gcc_dll/mswu" />
		</Compiler>
		<Linker>
			<Add option="-m64" />
			<Add directory="$wx/lib/gcc_dll" />
		</Linker>
		<Unit filename="cpp_test/classwizarddlg.cpp">
			<Option link="0" />
			<Option target="win_315_2170" />
			<Option target="win_316_2170" />
			<Option target="win_316_2180" />
			<Option target="win_315_2180" />
		</Unit>
		<Unit filename="doc/Collector.txt">
			<Option target="doc" />
		</Unit>
		<Unit filename="infos/Collecteur_exp.en">
			<Option target="doc" />
		</Unit>
		<Unit filename="infos/Collecteur_exp.fr">
			<Option target="doc" />
		</Unit>
		<Unit filename="infos/Readme.txt">
			<Option target="doc" />
		</Unit>
		<Unit filename="infos/commandeWXRC.txt">
			<Option target="doc" />
		</Unit>
		<Unit filename="infos/wx/msgmerge.aide">
			<Option target="doc" />
		</Unit>
		<Unit filename="infos/wx/xgettext.aide.save">
			<Option target="doc" />
		</Unit>
		<Unit filename="its/appdata.its">
			<Option target="doc" />
		</Unit>
		<Unit filename="its/appdata.loc">
			<Option target="doc" />
		</Unit>
		<Unit filename="its/codeblocks.its">
			<Option target="doc" />
		</Unit>
		<Unit filename="its/codeblocks.loc">
			<Option target="doc" />
		</Unit>
		<Unit filename="its/glade.loc">
			<Option target="doc" />
		</Unit>
		<Unit filename="its/glade1.its">
			<Option target="doc" />
		</Unit>
		<Unit filename="its/glade2.its">
			<Option target="doc" />
		</Unit>
		<Unit filename="its/gsettings.its">
			<Option target="doc" />
		</Unit>
		<Unit filename="its/gsettings.loc">
			<Option target="doc" />
		</Unit>
		<Unit filename="its/gtkbuilder.its">
			<Option target="doc" />
		</Unit>
		<Unit filename="its/manifest.its">
			<Option target="doc" />
		</Unit>
		<Unit filename="its/manifest.loc">
			<Option target="doc" />
		</Unit>
		<Unit filename="its/metainfo.its">
			<Option target="doc" />
		</Unit>
		<Unit filename="its/metainfo.loc">
			<Option target="doc" />
		</Unit>
		<Unit filename="manifest.xml">
			<Option target="win_315_2170" />
			<Option target="win_316_2170" />
			<Option target="win_316_2180" />
			<Option target="win_315_2180" />
		</Unit>
		<Unit filename="res/dummy.xrc">
			<Option target="win_315_2170" />
			<Option target="win_316_2170" />
			<Option target="win_316_2180" />
			<Option target="win_315_2180" />
		</Unit>
		<Unit filename="res_test/advanced_compiler_options.xrc">
			<Option target="win_315_2170" />
			<Option target="win_316_2170" />
			<Option target="win_316_2180" />
			<Option target="win_315_2180" />
		</Unit>
		<Unit filename="res_test/compiler_options.xrc">
			<Option target="win_315_2170" />
			<Option target="win_316_2170" />
			<Option target="win_316_2180" />
			<Option target="win_315_2180" />
		</Unit>
		<Unit filename="res_test/plugin_find_broken_files.script">
			<Option target="win_316_2170" />
			<Option target="win_315_2170" />
			<Option target="win_316_2180" />
			<Option target="win_315_2180" />
		</Unit>
		<Unit filename="res_test/tools.script">
			<Option target="win_316_2170" />
			<Option target="win_315_2170" />
			<Option target="win_316_2180" />
			<Option target="win_315_2180" />
		</Unit>
		<Unit filename="sdk/sdk.his">
			<Option target="doc" />
		</Unit>
		<Unit filename="src/buildlogger.cpp">
			<Option target="win_316_2170" />
			<Option target="win_315_2170" />
			<Option target="win_316_2180" />
			<Option target="win_315_2180" />
		</Unit>
		<Unit filename="src/buildlogger.h">
			<Option target="win_316_2170" />
			<Option target="win_315_2170" />
			<Option target="win_316_2180" />
			<Option target="win_315_2180" />
		</Unit>
		<Unit filename="src/collector.cpp">
			<Option target="win_315_2170" />
			<Option target="win_316_2170" />
			<Option target="win_316_2180" />
			<Option target="win_315_2180" />
		</Unit>
		<Unit filename="src/collector.h">
			<Option target="win_315_2170" />
			<Option target="win_316_2170" />
			<Option target="win_316_2180" />
			<Option target="win_315_2180" />
		</Unit>
		<Unit filename="src/colstate.cpp">
			<Option target="win_315_2170" />
			<Option target="win_316_2170" />
			<Option target="win_316_2180" />
			<Option target="win_315_2180" />
		</Unit>
		<Unit filename="src/colstate.h">
			<Option target="win_315_2170" />
			<Option target="win_316_2170" />
			<Option target="win_316_2180" />
			<Option target="win_315_2180" />
		</Unit>
		<Unit filename="src/createforqt.cpp">
			<Option target="win_315_2170" />
			<Option target="win_316_2170" />
			<Option target="win_316_2180" />
			<Option target="win_315_2180" />
		</Unit>
		<Unit filename="src/createforqt.h">
			<Option target="win_315_2170" />
			<Option target="win_316_2170" />
			<Option target="win_316_2180" />
			<Option target="win_315_2180" />
		</Unit>
		<Unit filename="src/createforwx.cpp">
			<Option target="win_315_2170" />
			<Option target="win_316_2170" />
			<Option target="win_316_2180" />
			<Option target="win_315_2180" />
		</Unit>
		<Unit filename="src/createforwx.h">
			<Option target="win_315_2170" />
			<Option target="win_316_2170" />
			<Option target="win_316_2180" />
			<Option target="win_315_2180" />
		</Unit>
		<Unit filename="src/defines.h">
			<Option target="win_315_2170" />
			<Option target="win_316_2170" />
			<Option target="win_316_2180" />
			<Option target="win_315_2180" />
		</Unit>
		<Unit filename="src/mondrian.ico">
			<Option target="wxrc_315" />
			<Option target="wxrc_316" />
		</Unit>
		<Unit filename="src/pre.cpp">
			<Option target="win_315_2170" />
			<Option target="win_316_2170" />
			<Option target="win_316_2180" />
			<Option target="win_315_2180" />
		</Unit>
		<Unit filename="src/pre.h">
			<Option target="win_315_2170" />
			<Option target="win_316_2170" />
			<Option target="win_316_2180" />
			<Option target="win_315_2180" />
		</Unit>
		<Unit filename="src/wxrc315.cpp">
			<Option target="wxrc_315" />
		</Unit>
		<Unit filename="src/wxrc316.cpp">
			<Option target="wxrc_316" />
		</Unit>
		<Unit filename="xml_test/codeblocks-contrib.metainfo.xml">
			<Option target="win_315_2170" />
			<Option target="win_316_2170" />
			<Option target="win_316_2180" />
			<Option target="win_315_2180" />
		</Unit>
		<Unit filename="xml_test/codeblocks.appdata.xml">
			<Option target="win_315_2170" />
			<Option target="win_316_2170" />
			<Option target="win_316_2180" />
			<Option target="win_315_2180" />
		</Unit>
		<Unit filename="xml_test/codeblocks.appdata.xml.save">
			<Option target="win_316_2170" />
			<Option target="win_316_2180" />
			<Option target="win_315_2180" />
		</Unit>
		<Unit filename="xml_test/codeblocks.xml">
			<Option target="win_316_2170" />
			<Option target="win_316_2180" />
			<Option target="win_315_2180" />
		</Unit>
		<Unit filename="xml_test/compiler_gcc-mingw64.xml">
			<Option target="win_316_2170" />
			<Option target="win_316_2180" />
			<Option target="win_315_2180" />
		</Unit>
		<Unit filename="xml_test/lexer_cpp.xml">
			<Option target="win_316_2170" />
			<Option target="win_316_2180" />
			<Option target="win_315_2180" />
		</Unit>
		<Unit filename="xml_test/manifest.xml">
			<Option target="win_315_2170" />
			<Option target="win_316_2170" />
			<Option target="win_316_2180" />
			<Option target="win_315_2180" />
		</Unit>
		<Unit filename="xml_test/options_clang.xml">
			<Option target="win_316_2170" />
			<Option target="win_316_2180" />
			<Option target="win_315_2180" />
		</Unit>
		<Unit filename="xml_test/options_common_warnings.xml">
			<Option target="win_316_2170" />
			<Option target="win_316_2180" />
			<Option target="win_315_2180" />
		</Unit>
		<Unit filename="xml_test/options_gcc.xml">
			<Option target="win_316_2170" />
			<Option target="win_316_2180" />
			<Option target="win_315_2180" />
		</Unit>
		<Extensions>
			<DoxyBlocks>
				<comment_style block="0" line="2" />
				<doxyfile_project project_number="1.0.0" />
				<doxyfile_build extract_all="1" extract_private="1" extract_static="1" />
				<doxyfile_warnings warn_if_undocumented="1" />
				<doxyfile_output />
				<doxyfile_dot class_diagrams="1" have_dot="1" />
				<general />
			</DoxyBlocks>
		</Extensions>
	</Project>
</CodeBlocks_project_file>
